lockfileVersion: '9.0'

settings:
  autoInstallPeers: true
  excludeLinksFromLockfile: false

importers:

  .:
    dependencies:
      '@playwright/mcp':
        specifier: ^0.0.68
        version: 0.0.68
    devDependencies:
      '@faker-js/faker':
        specifier: ^9.9.0
        version: 9.9.0
      '@playwright/test':
        specifier: ^1.58.1
        version: 1.58.2
      '@types/node':
        specifier: ^25.2.0
        version: 25.5.0

packages:

  '@faker-js/faker@9.9.0':
    resolution: {integrity: sha512-OEl393iCOoo/z8bMezRlJu+GlRGlsKbUAN7jKB6LhnKoqKve5DXRpalbItIIcwnCjs1k/FOPjFzcA6Qn+H+YbA==}
    engines: {node: '>=18.0.0', npm: '>=9.0.0'}

  '@playwright/mcp@0.0.68':
    resolution: {integrity: sha512-oP9I9ghXKuQEBo4xaC7HgsS2gRTxyMzlBm3UEhYj4VqqrqbPQUX2shATPaNA/am9joBzq9v0OXISzeIgP+zmHA==}
    engines: {node: '>=18'}
    hasBin: true

  '@playwright/test@1.58.2':
    resolution: {integrity: sha512-akea+6bHYBBfA9uQqSYmlJXn61cTa+jbO87xVLCWbTqbWadRVmhxlXATaOjOgcBaWU4ePo0wB41KMFv3o35IXA==}
    engines: {node: '>=18'}
    hasBin: true

  '@types/node@25.5.0':
    resolution: {integrity: sha512-jp2P3tQMSxWugkCUKLRPVUpGaL5MVFwF8RDuSRztfwgN1wmqJeMSbKlnEtQqU8UrhTmzEmZdu2I6v2dpp7XIxw==}

  fsevents@2.3.2:
    resolution: {integrity: sha512-xiqMQR4xAeHTuB9uWm+fFRcIOgKBMiOBP+eXiyT7jsgVCq1bkVygt00oASowB7EdtpOHaaPgKt812P9ab+DDKA==}
    engines: {node: ^8.16.0 || ^10.6.0 || >=11.0.0}
    os: [darwin]

  playwright-core@1.58.2:
    resolution: {integrity: sha512-yZkEtftgwS8CsfYo7nm0KE8jsvm6i/PTgVtB8DL726wNf6H2IMsDuxCpJj59KDaxCtSnrWan2AeDqM7JBaultg==}
    engines: {node: '>=18'}
    hasBin: true

  playwright-core@1.59.0-alpha-1771104257000:
    resolution: {integrity: sha512-YiXup3pnpQUCBMSIW5zx8CErwRx4K6O5Kojkw2BzJui8MazoMUDU6E3xGsb1kzFviEAE09LFQ+y1a0RhIJQ5SA==}
    engines: {node: '>=18'}
    hasBin: true

  playwright@1.58.2:
    resolution: {integrity: sha512-vA30H8Nvkq/cPBnNw4Q8TWz1EJyqgpuinBcHET0YVJVFldr8JDNiU9LaWAE1KqSkRYazuaBhTpB5ZzShOezQ6A==}
    engines: {node: '>=18'}
    hasBin: true

  playwright@1.59.0-alpha-1771104257000:
    resolution: {integrity: sha512-6SCMMMJaDRsSqiKVLmb2nhtLES7iTYawTWWrQK6UdIGNzXi8lka4sLKRec3L4DnTWwddAvCuRn8035dhNiHzbg==}
    engines: {node: '>=18'}
    hasBin: true

  undici-types@7.18.2:
    resolution: {integrity: sha512-AsuCzffGHJybSaRrmr5eHr81mwJU3kjw6M+uprWvCXiNeN9SOGwQ3Jn8jb8m3Z6izVgknn1R0FTCEAP2QrLY/w==}

snapshots:

  '@faker-js/faker@9.9.0': {}

  '@playwright/mcp@0.0.68':
    dependencies:
      playwright: 1.59.0-alpha-1771104257000
      playwright-core: 1.59.0-alpha-1771104257000

  '@playwright/test@1.58.2':
    dependencies:
      playwright: 1.58.2

  '@types/node@25.5.0':
    dependencies:
      undici-types: 7.18.2

  fsevents@2.3.2:
    optional: true

  playwright-core@1.58.2: {}

  playwright-core@1.59.0-alpha-1771104257000: {}

  playwright@1.58.2:
    dependencies:
      playwright-core: 1.58.2
    optionalDependencies:
      fsevents: 2.3.2

  playwright@1.59.0-alpha-1771104257000:
    dependencies:
      playwright-core: 1.59.0-alpha-1771104257000
    optionalDependencies:
      fsevents: 2.3.2

  undici-types@7.18.2: {}
